
Microsoft Visual Studio Solution File, Format Version 12.00
# Visual Studio 14
VisualStudioVersion = 14.0.24720.0
MinimumVisualStudioVersion = 10.0.40219.1
Project("{FAE04EC0-301F-11D3-BF4B-00C04F79EFBC}") = "HelloWorld", "HelloWorld\HelloWorld.csproj", "{F0D6276D-A6B4-4604-B1B4-FB67CB6FBAF6}"
EndProject
Project("{FAE04EC0-301F-11D3-BF4B-00C04F79EFBC}") = "Variables", "Variables\Variables.csproj", "{707BBAD7-7F18-491F-9487-D03F10648AFD}"
EndProject
Project("{FAE04EC0-301F-11D3-BF4B-00C04F79EFBC}") = "Decisions", "Decisions\Decisions.csproj", "{188E9805-9472-4412-BE11-7992E637E166}"
EndProject
Project("{FAE04EC0-301F-11D3-BF4B-00C04F79EFBC}") = "OperatorsExpressionsStatements", "OperatorsExpressionsStatements\OperatorsExpressionsStatements.csproj", "{350EF0B0-C267-482F-98A1-DED63D9DDFDF}"
EndProject
Project("{FAE04EC0-301F-11D3-BF4B-00C04F79EFBC}") = "ForIterations", "ForIterations\ForIterations.csproj", "{277CA468-1A1F-4B35-AC90-77B98589B54A}"
EndProject
Project("{FAE04EC0-301F-11D3-BF4B-00C04F79EFBC}") = "Arrays", "Arrays\Arrays.csproj", "{D8218928-D1FA-4CD8-AA06-3AF1D5553FAE}"
EndProject
Project("{FAE04EC0-301F-11D3-BF4B-00C04F79EFBC}") = "SimpleＯverloadedHelperMethod", "SimpleＯverloadedHelperMethod\SimpleＯverloadedHelperMethod.csproj", "{59AAB9F1-812C-4F37-ADD3-F055D4758FBA}"
EndProject
Project("{FAE04EC0-301F-11D3-BF4B-00C04F79EFBC}") = "ReadTextFileWhile", "ReadTextFileWhile\ReadTextFileWhile.csproj", "{FC6C3FBC-C098-4B06-ACA9-84E05D521D84}"
EndProject
Project("{FAE04EC0-301F-11D3-BF4B-00C04F79EFBC}") = "Strings", "Strings\Strings.csproj", "{91D6D074-AF1F-4813-A4AB-BDF2F946F1CC}"
EndProject
Project("{FAE04EC0-301F-11D3-BF4B-00C04F79EFBC}") = "DatesAndTime", "DatesAndTime\DatesAndTime.csproj", "{BD2AEFBA-D9CF-465E-9FDC-E36F95EBD590}"
EndProject
Project("{FAE04EC0-301F-11D3-BF4B-00C04F79EFBC}") = "UnderstandingAndCreatingClasses", "UnderstandingAndCreatingClasses\UnderstandingAndCreatingClasses.csproj", "{F2A177B4-1A55-47FA-9D9C-FE4358BFA24D}"
EndProject
Global
	GlobalSection(SolutionConfigurationPlatforms) = preSolution
		Debug|Any CPU = Debug|Any CPU
		Debug|ARM = Debug|ARM
		Debug|x64 = Debug|x64
		Debug|x86 = Debug|x86
		Release|Any CPU = Release|Any CPU
		Release|ARM = Release|ARM
		Release|x64 = Release|x64
		Release|x86 = Release|x86
	EndGlobalSection
	GlobalSection(ProjectConfigurationPlatforms) = postSolution
		{F0D6276D-A6B4-4604-B1B4-FB67CB6FBAF6}.Debug|Any CPU.ActiveCfg = Debug|Any CPU
		{F0D6276D-A6B4-4604-B1B4-FB67CB6FBAF6}.Debug|Any CPU.Build.0 = Debug|Any CPU
		{F0D6276D-A6B4-4604-B1B4-FB67CB6FBAF6}.Debug|ARM.ActiveCfg = Debug|Any CPU
		{F0D6276D-A6B4-4604-B1B4-FB67CB6FBAF6}.Debug|ARM.Build.0 = Debug|Any CPU
		{F0D6276D-A6B4-4604-B1B4-FB67CB6FBAF6}.Debug|x64.ActiveCfg = Debug|Any CPU
		{F0D6276D-A6B4-4604-B1B4-FB67CB6FBAF6}.Debug|x64.Build.0 = Debug|Any CPU
		{F0D6276D-A6B4-4604-B1B4-FB67CB6FBAF6}.Debug|x86.ActiveCfg = Debug|Any CPU
		{F0D6276D-A6B4-4604-B1B4-FB67CB6FBAF6}.Debug|x86.Build.0 = Debug|Any CPU
		{F0D6276D-A6B4-4604-B1B4-FB67CB6FBAF6}.Release|Any CPU.ActiveCfg = Release|Any CPU
		{F0D6276D-A6B4-4604-B1B4-FB67CB6FBAF6}.Release|Any CPU.Build.0 = Release|Any CPU
		{F0D6276D-A6B4-4604-B1B4-FB67CB6FBAF6}.Release|ARM.ActiveCfg = Release|Any CPU
		{F0D6276D-A6B4-4604-B1B4-FB67CB6FBAF6}.Release|ARM.Build.0 = Release|Any CPU
		{F0D6276D-A6B4-4604-B1B4-FB67CB6FBAF6}.Release|x64.ActiveCfg = Release|Any CPU
		{F0D6276D-A6B4-4604-B1B4-FB67CB6FBAF6}.Release|x64.Build.0 = Release|Any CPU
		{F0D6276D-A6B4-4604-B1B4-FB67CB6FBAF6}.Release|x86.ActiveCfg = Release|Any CPU
		{F0D6276D-A6B4-4604-B1B4-FB67CB6FBAF6}.Release|x86.Build.0 = Release|Any CPU
		{707BBAD7-7F18-491F-9487-D03F10648AFD}.Debug|Any CPU.ActiveCfg = Debug|Any CPU
		{707BBAD7-7F18-491F-9487-D03F10648AFD}.Debug|Any CPU.Build.0 = Debug|Any CPU
		{707BBAD7-7F18-491F-9487-D03F10648AFD}.Debug|ARM.ActiveCfg = Debug|Any CPU
		{707BBAD7-7F18-491F-9487-D03F10648AFD}.Debug|ARM.Build.0 = Debug|Any CPU
		{707BBAD7-7F18-491F-9487-D03F10648AFD}.Debug|x64.ActiveCfg = Debug|Any CPU
		{707BBAD7-7F18-491F-9487-D03F10648AFD}.Debug|x64.Build.0 = Debug|Any CPU
		{707BBAD7-7F18-491F-9487-D03F10648AFD}.Debug|x86.ActiveCfg = Debug|Any CPU
		{707BBAD7-7F18-491F-9487-D03F10648AFD}.Debug|x86.Build.0 = Debug|Any CPU
		{707BBAD7-7F18-491F-9487-D03F10648AFD}.Release|Any CPU.ActiveCfg = Release|Any CPU
		{707BBAD7-7F18-491F-9487-D03F10648AFD}.Release|Any CPU.Build.0 = Release|Any CPU
		{707BBAD7-7F18-491F-9487-D03F10648AFD}.Release|ARM.ActiveCfg = Release|Any CPU
		{707BBAD7-7F18-491F-9487-D03F10648AFD}.Release|ARM.Build.0 = Release|Any CPU
		{707BBAD7-7F18-491F-9487-D03F10648AFD}.Release|x64.ActiveCfg = Release|Any CPU
		{707BBAD7-7F18-491F-9487-D03F10648AFD}.Release|x64.Build.0 = Release|Any CPU
		{707BBAD7-7F18-491F-9487-D03F10648AFD}.Release|x86.ActiveCfg = Release|Any CPU
		{707BBAD7-7F18-491F-9487-D03F10648AFD}.Release|x86.Build.0 = Release|Any CPU
		{188E9805-9472-4412-BE11-7992E637E166}.Debug|Any CPU.ActiveCfg = Debug|Any CPU
		{188E9805-9472-4412-BE11-7992E637E166}.Debug|Any CPU.Build.0 = Debug|Any CPU
		{188E9805-9472-4412-BE11-7992E637E166}.Debug|ARM.ActiveCfg = Debug|Any CPU
		{188E9805-9472-4412-BE11-7992E637E166}.Debug|ARM.Build.0 = Debug|Any CPU
		{188E9805-9472-4412-BE11-7992E637E166}.Debug|x64.ActiveCfg = Debug|Any CPU
		{188E9805-9472-4412-BE11-7992E637E166}.Debug|x64.Build.0 = Debug|Any CPU
		{188E9805-9472-4412-BE11-7992E637E166}.Debug|x86.ActiveCfg = Debug|Any CPU
		{188E9805-9472-4412-BE11-7992E637E166}.Debug|x86.Build.0 = Debug|Any CPU
		{188E9805-9472-4412-BE11-7992E637E166}.Release|Any CPU.ActiveCfg = Release|Any CPU
		{188E9805-9472-4412-BE11-7992E637E166}.Release|Any CPU.Build.0 = Release|Any CPU
		{188E9805-9472-4412-BE11-7992E637E166}.Release|ARM.ActiveCfg = Release|Any CPU
		{188E9805-9472-4412-BE11-7992E637E166}.Release|ARM.Build.0 = Release|Any CPU
		{188E9805-9472-4412-BE11-7992E637E166}.Release|x64.ActiveCfg = Release|Any CPU
		{188E9805-9472-4412-BE11-7992E637E166}.Release|x64.Build.0 = Release|Any CPU
		{188E9805-9472-4412-BE11-7992E637E166}.Release|x86.ActiveCfg = Release|Any CPU
		{188E9805-9472-4412-BE11-7992E637E166}.Release|x86.Build.0 = Release|Any CPU
		{350EF0B0-C267-482F-98A1-DED63D9DDFDF}.Debug|Any CPU.ActiveCfg = Debug|Any CPU
		{350EF0B0-C267-482F-98A1-DED63D9DDFDF}.Debug|Any CPU.Build.0 = Debug|Any CPU
		{350EF0B0-C267-482F-98A1-DED63D9DDFDF}.Debug|ARM.ActiveCfg = Debug|Any CPU
		{350EF0B0-C267-482F-98A1-DED63D9DDFDF}.Debug|ARM.Build.0 = Debug|Any CPU
		{350EF0B0-C267-482F-98A1-DED63D9DDFDF}.Debug|x64.ActiveCfg = Debug|Any CPU
		{350EF0B0-C267-482F-98A1-DED63D9DDFDF}.Debug|x64.Build.0 = Debug|Any CPU
		{350EF0B0-C267-482F-98A1-DED63D9DDFDF}.Debug|x86.ActiveCfg = Debug|Any CPU
		{350EF0B0-C267-482F-98A1-DED63D9DDFDF}.Debug|x86.Build.0 = Debug|Any CPU
		{350EF0B0-C267-482F-98A1-DED63D9DDFDF}.Release|Any CPU.ActiveCfg = Release|Any CPU
		{350EF0B0-C267-482F-98A1-DED63D9DDFDF}.Release|Any CPU.Build.0 = Release|Any CPU
		{350EF0B0-C267-482F-98A1-DED63D9DDFDF}.Release|ARM.ActiveCfg = Release|Any CPU
		{350EF0B0-C267-482F-98A1-DED63D9DDFDF}.Release|ARM.Build.0 = Release|Any CPU
		{350EF0B0-C267-482F-98A1-DED63D9DDFDF}.Release|x64.ActiveCfg = Release|Any CPU
		{350EF0B0-C267-482F-98A1-DED63D9DDFDF}.Release|x64.Build.0 = Release|Any CPU
		{350EF0B0-C267-482F-98A1-DED63D9DDFDF}.Release|x86.ActiveCfg = Release|Any CPU
		{350EF0B0-C267-482F-98A1-DED63D9DDFDF}.Release|x86.Build.0 = Release|Any CPU
		{277CA468-1A1F-4B35-AC90-77B98589B54A}.Debug|Any CPU.ActiveCfg = Debug|Any CPU
		{277CA468-1A1F-4B35-AC90-77B98589B54A}.Debug|Any CPU.Build.0 = Debug|Any CPU
		{277CA468-1A1F-4B35-AC90-77B98589B54A}.Debug|ARM.ActiveCfg = Debug|Any CPU
		{277CA468-1A1F-4B35-AC90-77B98589B54A}.Debug|ARM.Build.0 = Debug|Any CPU
		{277CA468-1A1F-4B35-AC90-77B98589B54A}.Debug|x64.ActiveCfg = Debug|Any CPU
		{277CA468-1A1F-4B35-AC90-77B98589B54A}.Debug|x64.Build.0 = Debug|Any CPU
		{277CA468-1A1F-4B35-AC90-77B98589B54A}.Debug|x86.ActiveCfg = Debug|Any CPU
		{277CA468-1A1F-4B35-AC90-77B98589B54A}.Debug|x86.Build.0 = Debug|Any CPU
		{277CA468-1A1F-4B35-AC90-77B98589B54A}.Release|Any CPU.ActiveCfg = Release|Any CPU
		{277CA468-1A1F-4B35-AC90-77B98589B54A}.Release|Any CPU.Build.0 = Release|Any CPU
		{277CA468-1A1F-4B35-AC90-77B98589B54A}.Release|ARM.ActiveCfg = Release|Any CPU
		{277CA468-1A1F-4B35-AC90-77B98589B54A}.Release|ARM.Build.0 = Release|Any CPU
		{277CA468-1A1F-4B35-AC90-77B98589B54A}.Release|x64.ActiveCfg = Release|Any CPU
		{277CA468-1A1F-4B35-AC90-77B98589B54A}.Release|x64.Build.0 = Release|Any CPU
		{277CA468-1A1F-4B35-AC90-77B98589B54A}.Release|x86.ActiveCfg = Release|Any CPU
		{277CA468-1A1F-4B35-AC90-77B98589B54A}.Release|x86.Build.0 = Release|Any CPU
		{D8218928-D1FA-4CD8-AA06-3AF1D5553FAE}.Debug|Any CPU.ActiveCfg = Debug|Any CPU
		{D8218928-D1FA-4CD8-AA06-3AF1D5553FAE}.Debug|Any CPU.Build.0 = Debug|Any CPU
		{D8218928-D1FA-4CD8-AA06-3AF1D5553FAE}.Debug|ARM.ActiveCfg = Debug|Any CPU
		{D8218928-D1FA-4CD8-AA06-3AF1D5553FAE}.Debug|ARM.Build.0 = Debug|Any CPU
		{D8218928-D1FA-4CD8-AA06-3AF1D5553FAE}.Debug|x64.ActiveCfg = Debug|Any CPU
		{D8218928-D1FA-4CD8-AA06-3AF1D5553FAE}.Debug|x64.Build.0 = Debug|Any CPU
		{D8218928-D1FA-4CD8-AA06-3AF1D5553FAE}.Debug|x86.ActiveCfg = Debug|Any CPU
		{D8218928-D1FA-4CD8-AA06-3AF1D5553FAE}.Debug|x86.Build.0 = Debug|Any CPU
		{D8218928-D1FA-4CD8-AA06-3AF1D5553FAE}.Release|Any CPU.ActiveCfg = Release|Any CPU
		{D8218928-D1FA-4CD8-AA06-3AF1D5553FAE}.Release|Any CPU.Build.0 = Release|Any CPU
		{D8218928-D1FA-4CD8-AA06-3AF1D5553FAE}.Release|ARM.ActiveCfg = Release|Any CPU
		{D8218928-D1FA-4CD8-AA06-3AF1D5553FAE}.Release|ARM.Build.0 = Release|Any CPU
		{D8218928-D1FA-4CD8-AA06-3AF1D5553FAE}.Release|x64.ActiveCfg = Release|Any CPU
		{D8218928-D1FA-4CD8-AA06-3AF1D5553FAE}.Release|x64.Build.0 = Release|Any CPU
		{D8218928-D1FA-4CD8-AA06-3AF1D5553FAE}.Release|x86.ActiveCfg = Release|Any CPU
		{D8218928-D1FA-4CD8-AA06-3AF1D5553FAE}.Release|x86.Build.0 = Release|Any CPU
		{59AAB9F1-812C-4F37-ADD3-F055D4758FBA}.Debug|Any CPU.ActiveCfg = Debug|Any CPU
		{59AAB9F1-812C-4F37-ADD3-F055D4758FBA}.Debug|Any CPU.Build.0 = Debug|Any CPU
		{59AAB9F1-812C-4F37-ADD3-F055D4758FBA}.Debug|ARM.ActiveCfg = Debug|Any CPU
		{59AAB9F1-812C-4F37-ADD3-F055D4758FBA}.Debug|ARM.Build.0 = Debug|Any CPU
		{59AAB9F1-812C-4F37-ADD3-F055D4758FBA}.Debug|x64.ActiveCfg = Debug|Any CPU
		{59AAB9F1-812C-4F37-ADD3-F055D4758FBA}.Debug|x64.Build.0 = Debug|Any CPU
		{59AAB9F1-812C-4F37-ADD3-F055D4758FBA}.Debug|x86.ActiveCfg = Debug|Any CPU
		{59AAB9F1-812C-4F37-ADD3-F055D4758FBA}.Debug|x86.Build.0 = Debug|Any CPU
		{59AAB9F1-812C-4F37-ADD3-F055D4758FBA}.Release|Any CPU.ActiveCfg = Release|Any CPU
		{59AAB9F1-812C-4F37-ADD3-F055D4758FBA}.Release|Any CPU.Build.0 = Release|Any CPU
		{59AAB9F1-812C-4F37-ADD3-F055D4758FBA}.Release|ARM.ActiveCfg = Release|Any CPU
		{59AAB9F1-812C-4F37-ADD3-F055D4758FBA}.Release|ARM.Build.0 = Release|Any CPU
		{59AAB9F1-812C-4F37-ADD3-F055D4758FBA}.Release|x64.ActiveCfg = Release|Any CPU
		{59AAB9F1-812C-4F37-ADD3-F055D4758FBA}.Release|x64.Build.0 = Release|Any CPU
		{59AAB9F1-812C-4F37-ADD3-F055D4758FBA}.Release|x86.ActiveCfg = Release|Any CPU
		{59AAB9F1-812C-4F37-ADD3-F055D4758FBA}.Release|x86.Build.0 = Release|Any CPU
		{FC6C3FBC-C098-4B06-ACA9-84E05D521D84}.Debug|Any CPU.ActiveCfg = Debug|Any CPU
		{FC6C3FBC-C098-4B06-ACA9-84E05D521D84}.Debug|Any CPU.Build.0 = Debug|Any CPU
		{FC6C3FBC-C098-4B06-ACA9-84E05D521D84}.Debug|ARM.ActiveCfg = Debug|Any CPU
		{FC6C3FBC-C098-4B06-ACA9-84E05D521D84}.Debug|ARM.Build.0 = Debug|Any CPU
		{FC6C3FBC-C098-4B06-ACA9-84E05D521D84}.Debug|x64.ActiveCfg = Debug|Any CPU
		{FC6C3FBC-C098-4B06-ACA9-84E05D521D84}.Debug|x64.Build.0 = Debug|Any CPU
		{FC6C3FBC-C098-4B06-ACA9-84E05D521D84}.Debug|x86.ActiveCfg = Debug|Any CPU
		{FC6C3FBC-C098-4B06-ACA9-84E05D521D84}.Debug|x86.Build.0 = Debug|Any CPU
		{FC6C3FBC-C098-4B06-ACA9-84E05D521D84}.Release|Any CPU.ActiveCfg = Release|Any CPU
		{FC6C3FBC-C098-4B06-ACA9-84E05D521D84}.Release|Any CPU.Build.0 = Release|Any CPU
		{FC6C3FBC-C098-4B06-ACA9-84E05D521D84}.Release|ARM.ActiveCfg = Release|Any CPU
		{FC6C3FBC-C098-4B06-ACA9-84E05D521D84}.Release|ARM.Build.0 = Release|Any CPU
		{FC6C3FBC-C098-4B06-ACA9-84E05D521D84}.Release|x64.ActiveCfg = Release|Any CPU
		{FC6C3FBC-C098-4B06-ACA9-84E05D521D84}.Release|x64.Build.0 = Release|Any CPU
		{FC6C3FBC-C098-4B06-ACA9-84E05D521D84}.Release|x86.ActiveCfg = Release|Any CPU
		{FC6C3FBC-C098-4B06-ACA9-84E05D521D84}.Release|x86.Build.0 = Release|Any CPU
		{91D6D074-AF1F-4813-A4AB-BDF2F946F1CC}.Debug|Any CPU.ActiveCfg = Debug|Any CPU
		{91D6D074-AF1F-4813-A4AB-BDF2F946F1CC}.Debug|Any CPU.Build.0 = Debug|Any CPU
		{91D6D074-AF1F-4813-A4AB-BDF2F946F1CC}.Debug|ARM.ActiveCfg = Debug|Any CPU
		{91D6D074-AF1F-4813-A4AB-BDF2F946F1CC}.Debug|ARM.Build.0 = Debug|Any CPU
		{91D6D074-AF1F-4813-A4AB-BDF2F946F1CC}.Debug|x64.ActiveCfg = Debug|Any CPU
		{91D6D074-AF1F-4813-A4AB-BDF2F946F1CC}.Debug|x64.Build.0 = Debug|Any CPU
		{91D6D074-AF1F-4813-A4AB-BDF2F946F1CC}.Debug|x86.ActiveCfg = Debug|Any CPU
		{91D6D074-AF1F-4813-A4AB-BDF2F946F1CC}.Debug|x86.Build.0 = Debug|Any CPU
		{91D6D074-AF1F-4813-A4AB-BDF2F946F1CC}.Release|Any CPU.ActiveCfg = Release|Any CPU
		{91D6D074-AF1F-4813-A4AB-BDF2F946F1CC}.Release|Any CPU.Build.0 = Release|Any CPU
		{91D6D074-AF1F-4813-A4AB-BDF2F946F1CC}.Release|ARM.ActiveCfg = Release|Any CPU
		{91D6D074-AF1F-4813-A4AB-BDF2F946F1CC}.Release|ARM.Build.0 = Release|Any CPU
		{91D6D074-AF1F-4813-A4AB-BDF2F946F1CC}.Release|x64.ActiveCfg = Release|Any CPU
		{91D6D074-AF1F-4813-A4AB-BDF2F946F1CC}.Release|x64.Build.0 = Release|Any CPU
		{91D6D074-AF1F-4813-A4AB-BDF2F946F1CC}.Release|x86.ActiveCfg = Release|Any CPU
		{91D6D074-AF1F-4813-A4AB-BDF2F946F1CC}.Release|x86.Build.0 = Release|Any CPU
		{BD2AEFBA-D9CF-465E-9FDC-E36F95EBD590}.Debug|Any CPU.ActiveCfg = Debug|Any CPU
		{BD2AEFBA-D9CF-465E-9FDC-E36F95EBD590}.Debug|Any CPU.Build.0 = Debug|Any CPU
		{BD2AEFBA-D9CF-465E-9FDC-E36F95EBD590}.Debug|ARM.ActiveCfg = Debug|Any CPU
		{BD2AEFBA-D9CF-465E-9FDC-E36F95EBD590}.Debug|ARM.Build.0 = Debug|Any CPU
		{BD2AEFBA-D9CF-465E-9FDC-E36F95EBD590}.Debug|x64.ActiveCfg = Debug|Any CPU
		{BD2AEFBA-D9CF-465E-9FDC-E36F95EBD590}.Debug|x64.Build.0 = Debug|Any CPU
		{BD2AEFBA-D9CF-465E-9FDC-E36F95EBD590}.Debug|x86.ActiveCfg = Debug|Any CPU
		{BD2AEFBA-D9CF-465E-9FDC-E36F95EBD590}.Debug|x86.Build.0 = Debug|Any CPU
		{BD2AEFBA-D9CF-465E-9FDC-E36F95EBD590}.Release|Any CPU.ActiveCfg = Release|Any CPU
		{BD2AEFBA-D9CF-465E-9FDC-E36F95EBD590}.Release|Any CPU.Build.0 = Release|Any CPU
		{BD2AEFBA-D9CF-465E-9FDC-E36F95EBD590}.Release|ARM.ActiveCfg = Release|Any CPU
		{BD2AEFBA-D9CF-465E-9FDC-E36F95EBD590}.Release|ARM.Build.0 = Release|Any CPU
		{BD2AEFBA-D9CF-465E-9FDC-E36F95EBD590}.Release|x64.ActiveCfg = Release|Any CPU
		{BD2AEFBA-D9CF-465E-9FDC-E36F95EBD590}.Release|x64.Build.0 = Release|Any CPU
		{BD2AEFBA-D9CF-465E-9FDC-E36F95EBD590}.Release|x86.ActiveCfg = Release|Any CPU
		{BD2AEFBA-D9CF-465E-9FDC-E36F95EBD590}.Release|x86.Build.0 = Release|Any CPU
		{F2A177B4-1A55-47FA-9D9C-FE4358BFA24D}.Debug|Any CPU.ActiveCfg = Debug|Any CPU
		{F2A177B4-1A55-47FA-9D9C-FE4358BFA24D}.Debug|Any CPU.Build.0 = Debug|Any CPU
		{F2A177B4-1A55-47FA-9D9C-FE4358BFA24D}.Debug|ARM.ActiveCfg = Debug|Any CPU
		{F2A177B4-1A55-47FA-9D9C-FE4358BFA24D}.Debug|ARM.Build.0 = Debug|Any CPU
		{F2A177B4-1A55-47FA-9D9C-FE4358BFA24D}.Debug|x64.ActiveCfg = Debug|Any CPU
		{F2A177B4-1A55-47FA-9D9C-FE4358BFA24D}.Debug|x64.Build.0 = Debug|Any CPU
		{F2A177B4-1A55-47FA-9D9C-FE4358BFA24D}.Debug|x86.ActiveCfg = Debug|Any CPU
		{F2A177B4-1A55-47FA-9D9C-FE4358BFA24D}.Debug|x86.Build.0 = Debug|Any CPU
		{F2A177B4-1A55-47FA-9D9C-FE4358BFA24D}.Release|Any CPU.ActiveCfg = Release|Any CPU
		{F2A177B4-1A55-47FA-9D9C-FE4358BFA24D}.Release|Any CPU.Build.0 = Release|Any CPU
		{F2A177B4-1A55-47FA-9D9C-FE4358BFA24D}.Release|ARM.ActiveCfg = Release|Any CPU
		{F2A177B4-1A55-47FA-9D9C-FE4358BFA24D}.Release|ARM.Build.0 = Release|Any CPU
		{F2A177B4-1A55-47FA-9D9C-FE4358BFA24D}.Release|x64.ActiveCfg = Release|Any CPU
		{F2A177B4-1A55-47FA-9D9C-FE4358BFA24D}.Release|x64.Build.0 = Release|Any CPU
		{F2A177B4-1A55-47FA-9D9C-FE4358BFA24D}.Release|x86.ActiveCfg = Release|Any CPU
		{F2A177B4-1A55-47FA-9D9C-FE4358BFA24D}.Release|x86.Build.0 = Release|Any CPU
	EndGlobalSection
	GlobalSection(SolutionProperties) = preSolution
		HideSolutionNode = FALSE
	EndGlobalSection
EndGlobal
